
Microsoft Visual Studio Solution File, Format Version 12.00
# Visual Studio 2012
Project("{FAE04EC0-301F-11D3-BF4B-00C04F79EFBC}") = "speechKit", "speechKit\speechKit.csproj", "{F88738E1-DFC4-4E97-90BD-9DEE77E1D96E}"
EndProject
Project("{2150E333-8FDC-42A3-9474-1A3956D46DE8}") = ".nuget", ".nuget", "{197DD229-6D40-457B-ADA8-BBCC88423F48}"
	ProjectSection(SolutionItems) = preProject
		.nuget\packages.config = .nuget\packages.config
	EndProjectSection
EndProject
Global
	GlobalSection(SolutionConfigurationPlatforms) = preSolution
		Debug|Any CPU = Debug|Any CPU
		Release|Any CPU = Release|Any CPU
	EndGlobalSection
	GlobalSection(ProjectConfigurationPlatforms) = postSolution
		{F88738E1-DFC4-4E97-90BD-9DEE77E1D96E}.Debug|Any CPU.ActiveCfg = Debug|Any CPU
		{F88738E1-DFC4-4E97-90BD-9DEE77E1D96E}.Debug|Any CPU.Build.0 = Debug|Any CPU
		{F88738E1-DFC4-4E97-90BD-9DEE77E1D96E}.Release|Any CPU.ActiveCfg = Release|Any CPU
		{F88738E1-DFC4-4E97-90BD-9DEE77E1D96E}.Release|Any CPU.Build.0 = Release|Any CPU
	EndGlobalSection
	GlobalSection(SolutionProperties) = preSolution
		HideSolutionNode = FALSE
	EndGlobalSection
EndGlobal
